// !$*UTF8*$!
{
	archiveVersion = 1;
	classes = {
	};
	objectVersion = 77;
	objects = {

/* Begin PBXBuildFile section */
		97229346B21E05C46E5FC04C /* Pods_ITGSwiftUISampleFullIntegrationiOS.framework in Frameworks */ = {isa = PBXBuildFile; fileRef = 77ACF832B595B32CAB528F6C /* Pods_ITGSwiftUISampleFullIntegrationiOS.framework */; };
		C7C382DA4C2FA73EDC717FD8 /* Pods_ITGSwiftUISampleFullIntegration.framework in Frameworks */ = {isa = PBXBuildFile; fileRef = 00D4CAE769A05FEA24732AA5 /* Pods_ITGSwiftUISampleFullIntegration.framework */; };
/* End PBXBuildFile section */

/* Begin PBXFileReference section */
		00D4CAE769A05FEA24732AA5 /* Pods_ITGSwiftUISampleFullIntegration.framework */ = {isa = PBXFileReference; explicitFileType = wrapper.framework; includeInIndex = 0; path = Pods_ITGSwiftUISampleFullIntegration.framework; sourceTree = BUILT_PRODUCTS_DIR; };
		1168FC462ED87A5400E0B28A /* ITGSwiftUISampleFullIntegration.app */ = {isa = PBXFileReference; explicitFileType = wrapper.application; includeInIndex = 0; path = ITGSwiftUISampleFullIntegration.app; sourceTree = BUILT_PRODUCTS_DIR; };
		1168FC6B2ED87CB000E0B28A /* ITGSwiftUISampleFullIntegrationiOS.app */ = {isa = PBXFileReference; explicitFileType = wrapper.application; includeInIndex = 0; path = ITGSwiftUISampleFullIntegrationiOS.app; sourceTree = BUILT_PRODUCTS_DIR; };
		15584E72634EE4E9DAB7ADA0 /* Pods-ITGSwiftUISampleFullIntegration.debug.xcconfig */ = {isa = PBXFileReference; includeInIndex = 1; lastKnownFileType = text.xcconfig; name = "Pods-ITGSwiftUISampleFullIntegration.debug.xcconfig"; path = "Target Support Files/Pods-ITGSwiftUISampleFullIntegration/Pods-ITGSwiftUISampleFullIntegration.debug.xcconfig"; sourceTree = "<group>"; };
		77ACF832B595B32CAB528F6C /* Pods_ITGSwiftUISampleFullIntegrationiOS.framework */ = {isa = PBXFileReference; explicitFileType = wrapper.framework; includeInIndex = 0; path = Pods_ITGSwiftUISampleFullIntegrationiOS.framework; sourceTree = BUILT_PRODUCTS_DIR; };
		8043A24D9C357B71EC0E0990 /* Pods-ITGSwiftUISampleFullIntegrationiOS.debug.xcconfig */ = {isa = PBXFileReference; includeInIndex = 1; lastKnownFileType = text.xcconfig; name = "Pods-ITGSwiftUISampleFullIntegrationiOS.debug.xcconfig"; path = "Target Support Files/Pods-ITGSwiftUISampleFullIntegrationiOS/Pods-ITGSwiftUISampleFullIntegrationiOS.debug.xcconfig"; sourceTree = "<group>"; };
		8181044F947EC3D5A168D39F /* Pods-ITGSwiftUISampleFullIntegration.release.xcconfig */ = {isa = PBXFileReference; includeInIndex = 1; lastKnownFileType = text.xcconfig; name = "Pods-ITGSwiftUISampleFullIntegration.release.xcconfig"; path = "Target Support Files/Pods-ITGSwiftUISampleFullIntegration/Pods-ITGSwiftUISampleFullIntegration.release.xcconfig"; sourceTree = "<group>"; };
		A800FEC30DBCAAFAE0C4C731 /* Pods-ITGSwiftUISampleFullIntegrationiOS.release.xcconfig */ = {isa = PBXFileReference; includeInIndex = 1; lastKnownFileType = text.xcconfig; name = "Pods-ITGSwiftUISampleFullIntegrationiOS.release.xcconfig"; path = "Target Support Files/Pods-ITGSwiftUISampleFullIntegrationiOS/Pods-ITGSwiftUISampleFullIntegrationiOS.release.xcconfig"; sourceTree = "<group>"; };
/* End PBXFileReference section */

/* Begin PBXFileSystemSynchronizedBuildFileExceptionSet section */
		1168FC772ED87CD500E0B28A /* Exceptions for "ITGSwiftUISampleFullIntegration" folder in "ITGSwiftUISampleFullIntegrationiOS" target */ = {
			isa = PBXFileSystemSynchronizedBuildFileExceptionSet;
			membershipExceptions = (
				ContentView.swift,
				iOS/Assets.xcassets,
				ITGSwiftUISampleFullIntegrationApp.swift,
			);
			target = 1168FC6A2ED87CB000E0B28A /* ITGSwiftUISampleFullIntegrationiOS */;
		};
		1168FC7A2ED87D0200E0B28A /* Exceptions for "ITGSwiftUISampleFullIntegration" folder in "ITGSwiftUISampleFullIntegration" target */ = {
			isa = PBXFileSystemSynchronizedBuildFileExceptionSet;
			membershipExceptions = (
				iOS/Assets.xcassets,
			);
			target = 1168FC452ED87A5400E0B28A /* ITGSwiftUISampleFullIntegration */;
		};
/* End PBXFileSystemSynchronizedBuildFileExceptionSet section */

/* Begin PBXFileSystemSynchronizedRootGroup section */
		1168FC482ED87A5400E0B28A /* ITGSwiftUISampleFullIntegration */ = {
			isa = PBXFileSystemSynchronizedRootGroup;
			exceptions = (
				1168FC7A2ED87D0200E0B28A /* Exceptions for "ITGSwiftUISampleFullIntegration" folder in "ITGSwiftUISampleFullIntegration" target */,
				1168FC772ED87CD500E0B28A /* Exceptions for "ITGSwiftUISampleFullIntegration" folder in "ITGSwiftUISampleFullIntegrationiOS" target */,
			);
			path = ITGSwiftUISampleFullIntegration;
			sourceTree = "<group>";
		};
/* End PBXFileSystemSynchronizedRootGroup section */

/* Begin PBXFrameworksBuildPhase section */
		1168FC432ED87A5400E0B28A /* Frameworks */ = {
			isa = PBXFrameworksBuildPhase;
			buildActionMask = 2147483647;
			files = (
				C7C382DA4C2FA73EDC717FD8 /* Pods_ITGSwiftUISampleFullIntegration.framework in Frameworks */,
			);
			runOnlyForDeploymentPostprocessing = 0;
		};
		1168FC682ED87CB000E0B28A /* Frameworks */ = {
			isa = PBXFrameworksBuildPhase;
			buildActionMask = 2147483647;
			files = (
				97229346B21E05C46E5FC04C /* Pods_ITGSwiftUISampleFullIntegrationiOS.framework in Frameworks */,
			);
			runOnlyForDeploymentPostprocessing = 0;
		};
/* End PBXFrameworksBuildPhase section */

/* Begin PBXGroup section */
		1168FC3D2ED87A5400E0B28A = {
			isa = PBXGroup;
			children = (
				1168FC482ED87A5400E0B28A /* ITGSwiftUISampleFullIntegration */,
				1168FC7B2ED87D1B00E0B28A /* Frameworks */,
				1168FC472ED87A5400E0B28A /* Products */,
				4B1C4A8AF1043DC273DEC563 /* Pods */,
			);
			sourceTree = "<group>";
		};
		1168FC472ED87A5400E0B28A /* Products */ = {
			isa = PBXGroup;
			children = (
				1168FC462ED87A5400E0B28A /* ITGSwiftUISampleFullIntegration.app */,
				1168FC6B2ED87CB000E0B28A /* ITGSwiftUISampleFullIntegrationiOS.app */,
			);
			name = Products;
			sourceTree = "<group>";
		};
		1168FC7B2ED87D1B00E0B28A /* Frameworks */ = {
			isa = PBXGroup;
			children = (
				00D4CAE769A05FEA24732AA5 /* Pods_ITGSwiftUISampleFullIntegration.framework */,
				77ACF832B595B32CAB528F6C /* Pods_ITGSwiftUISampleFullIntegrationiOS.framework */,
			);
			name = Frameworks;
			sourceTree = "<group>";
		};
		4B1C4A8AF1043DC273DEC563 /* Pods */ = {
			isa = PBXGroup;
			children = (
				15584E72634EE4E9DAB7ADA0 /* Pods-ITGSwiftUISampleFullIntegration.debug.xcconfig */,
				8181044F947EC3D5A168D39F /* Pods-ITGSwiftUISampleFullIntegration.release.xcconfig */,
				8043A24D9C357B71EC0E0990 /* Pods-ITGSwiftUISampleFullIntegrationiOS.debug.xcconfig */,
				A800FEC30DBCAAFAE0C4C731 /* Pods-ITGSwiftUISampleFullIntegrationiOS.release.xcconfig */,
			);
			name = Pods;
			path = Pods;
			sourceTree = "<group>";
		};
/* End PBXGroup section */

/* Begin PBXNativeTarget section */
		1168FC452ED87A5400E0B28A /* ITGSwiftUISampleFullIntegration */ = {
			isa = PBXNativeTarget;
			buildConfigurationList = 1168FC512ED87A5500E0B28A /* Build configuration list for PBXNativeTarget "ITGSwiftUISampleFullIntegration" */;
			buildPhases = (
				540C3E01BAA1ABC279882B34 /* [CP] Check Pods Manifest.lock */,
				1168FC422ED87A5400E0B28A /* Sources */,
				1168FC432ED87A5400E0B28A /* Frameworks */,
				1168FC442ED87A5400E0B28A /* Resources */,
				AA311B1BA1C00418633A4BA0 /* [CP] Embed Pods Frameworks */,
			);
			buildRules = (
			);
			dependencies = (
			);
			fileSystemSynchronizedGroups = (
				1168FC482ED87A5400E0B28A /* ITGSwiftUISampleFullIntegration */,
			);
			name = ITGSwiftUISampleFullIntegration;
			productName = ITGSwiftUISampleFullIntegration;
			productReference = 1168FC462ED87A5400E0B28A /* ITGSwiftUISampleFullIntegration.app */;
			productType = "com.apple.product-type.application";
		};
		1168FC6A2ED87CB000E0B28A /* ITGSwiftUISampleFullIntegrationiOS */ = {
			isa = PBXNativeTarget;
			buildConfigurationList = 1168FC732ED87CB000E0B28A /* Build configuration list for PBXNativeTarget "ITGSwiftUISampleFullIntegrationiOS" */;
			buildPhases = (
				FF829D336F3F5124812E903F /* [CP] Check Pods Manifest.lock */,
				1168FC672ED87CB000E0B28A /* Sources */,
				1168FC682ED87CB000E0B28A /* Frameworks */,
				1168FC692ED87CB000E0B28A /* Resources */,
				C921FBAA1D80750C09ACBF0A /* [CP] Embed Pods Frameworks */,
			);
			buildRules = (
			);
			dependencies = (
			);
			name = ITGSwiftUISampleFullIntegrationiOS;
			productName = ITGSwiftUISampleFullIntegrationiOS;
			productReference = 1168FC6B2ED87CB000E0B28A /* ITGSwiftUISampleFullIntegrationiOS.app */;
			productType = "com.apple.product-type.application";
		};
/* End PBXNativeTarget section */

/* Begin PBXProject section */
		1168FC3E2ED87A5400E0B28A /* Project object */ = {
			isa = PBXProject;
			attributes = {
				BuildIndependentTargetsInParallel = 1;
				LastSwiftUpdateCheck = 2600;
				LastUpgradeCheck = 2600;
				TargetAttributes = {
					1168FC452ED87A5400E0B28A = {
						CreatedOnToolsVersion = 26.0.1;
					};
					1168FC6A2ED87CB000E0B28A = {
						CreatedOnToolsVersion = 26.0.1;
					};
				};
			};
			buildConfigurationList = 1168FC412ED87A5400E0B28A /* Build configuration list for PBXProject "ITGSwiftUISampleFullIntegration" */;
			developmentRegion = en;
			hasScannedForEncodings = 0;
			knownRegions = (
				en,
				Base,
			);
			mainGroup = 1168FC3D2ED87A5400E0B28A;
			minimizedProjectReferenceProxies = 1;
			preferredProjectObjectVersion = 77;
			productRefGroup = 1168FC472ED87A5400E0B28A /* Products */;
			projectDirPath = "";
			projectRoot = "";
			targets = (
				1168FC452ED87A5400E0B28A /* ITGSwiftUISampleFullIntegration */,
				1168FC6A2ED87CB000E0B28A /* ITGSwiftUISampleFullIntegrationiOS */,
			);
		};
/* End PBXProject section */

/* Begin PBXResourcesBuildPhase section */
		1168FC442ED87A5400E0B28A /* Resources */ = {
			isa = PBXResourcesBuildPhase;
			buildActionMask = 2147483647;
			files = (
			);
			runOnlyForDeploymentPostprocessing = 0;
		};
		1168FC692ED87CB000E0B28A /* Resources */ = {
			isa = PBXResourcesBuildPhase;
			buildActionMask = 2147483647;
			files = (
			);
			runOnlyForDeploymentPostprocessing = 0;
		};
/* End PBXResourcesBuildPhase section */

/* Begin PBXShellScriptBuildPhase section */
		540C3E01BAA1ABC279882B34 /* [CP] Check Pods Manifest.lock */ = {
			isa = PBXShellScriptBuildPhase;
			buildActionMask = 2147483647;
			files = (
			);
			inputFileListPaths = (
			);
			inputPaths = (
				"${PODS_PODFILE_DIR_PATH}/Podfile.lock",
				"${PODS_ROOT}/Manifest.lock",
			);
			name = "[CP] Check Pods Manifest.lock";
			outputFileListPaths = (
			);
			outputPaths = (
				"$(DERIVED_FILE_DIR)/Pods-ITGSwiftUISampleFullIntegration-checkManifestLockResult.txt",
			);
			runOnlyForDeploymentPostprocessing = 0;
			shellPath = /bin/sh;
			shellScript = "diff \"${PODS_PODFILE_DIR_PATH}/Podfile.lock\" \"${PODS_ROOT}/Manifest.lock\" > /dev/null\nif [ $? != 0 ] ; then\n    # print error to STDERR\n    echo \"error: The sandbox is not in sync with the Podfile.lock. Run 'pod install' or update your CocoaPods installation.\" >&2\n    exit 1\nfi\n# This output is used by Xcode 'outputs' to avoid re-running this script phase.\necho \"SUCCESS\" > \"${SCRIPT_OUTPUT_FILE_0}\"\n";
			showEnvVarsInLog = 0;
		};
		AA311B1BA1C00418633A4BA0 /* [CP] Embed Pods Frameworks */ = {
			isa = PBXShellScriptBuildPhase;
			buildActionMask = 2147483647;
			files = (
			);
			inputFileListPaths = (
				"${PODS_ROOT}/Target Support Files/Pods-ITGSwiftUISampleFullIntegration/Pods-ITGSwiftUISampleFullIntegration-frameworks-${CONFIGURATION}-input-files.xcfilelist",
			);
			name = "[CP] Embed Pods Frameworks";
			outputFileListPaths = (
				"${PODS_ROOT}/Target Support Files/Pods-ITGSwiftUISampleFullIntegration/Pods-ITGSwiftUISampleFullIntegration-frameworks-${CONFIGURATION}-output-files.xcfilelist",
			);
			runOnlyForDeploymentPostprocessing = 0;
			shellPath = /bin/sh;
			shellScript = "\"${PODS_ROOT}/Target Support Files/Pods-ITGSwiftUISampleFullIntegration/Pods-ITGSwiftUISampleFullIntegration-frameworks.sh\"\n";
			showEnvVarsInLog = 0;
		};
		C921FBAA1D80750C09ACBF0A /* [CP] Embed Pods Frameworks */ = {
			isa = PBXShellScriptBuildPhase;
			buildActionMask = 2147483647;
			files = (
			);
			inputFileListPaths = (
				"${PODS_ROOT}/Target Support Files/Pods-ITGSwiftUISampleFullIntegrationiOS/Pods-ITGSwiftUISampleFullIntegrationiOS-frameworks-${CONFIGURATION}-input-files.xcfilelist",
			);
			name = "[CP] Embed Pods Frameworks";
			outputFileListPaths = (
				"${PODS_ROOT}/Target Support Files/Pods-ITGSwiftUISampleFullIntegrationiOS/Pods-ITGSwiftUISampleFullIntegrationiOS-frameworks-${CONFIGURATION}-output-files.xcfilelist",
			);
			runOnlyForDeploymentPostprocessing = 0;
			shellPath = /bin/sh;
			shellScript = "\"${PODS_ROOT}/Target Support Files/Pods-ITGSwiftUISampleFullIntegrationiOS/Pods-ITGSwiftUISampleFullIntegrationiOS-frameworks.sh\"\n";
			showEnvVarsInLog = 0;
		};
		FF829D336F3F5124812E903F /* [CP] Check Pods Manifest.lock */ = {
			isa = PBXShellScriptBuildPhase;
			buildActionMask = 2147483647;
			files = (
			);
			inputFileListPaths = (
			);
			inputPaths = (
				"${PODS_PODFILE_DIR_PATH}/Podfile.lock",
				"${PODS_ROOT}/Manifest.lock",
			);
			name = "[CP] Check Pods Manifest.lock";
			outputFileListPaths = (
			);
			outputPaths = (
				"$(DERIVED_FILE_DIR)/Pods-ITGSwiftUISampleFullIntegrationiOS-checkManifestLockResult.txt",
			);
			runOnlyForDeploymentPostprocessing = 0;
			shellPath = /bin/sh;
			shellScript = "diff \"${PODS_PODFILE_DIR_PATH}/Podfile.lock\" \"${PODS_ROOT}/Manifest.lock\" > /dev/null\nif [ $? != 0 ] ; then\n    # print error to STDERR\n    echo \"error: The sandbox is not in sync with the Podfile.lock. Run 'pod install' or update your CocoaPods installation.\" >&2\n    exit 1\nfi\n# This output is used by Xcode 'outputs' to avoid re-running this script phase.\necho \"SUCCESS\" > \"${SCRIPT_OUTPUT_FILE_0}\"\n";
			showEnvVarsInLog = 0;
		};
/* End PBXShellScriptBuildPhase section */

/* Begin PBXSourcesBuildPhase section */
		1168FC422ED87A5400E0B28A /* Sources */ = {
			isa = PBXSourcesBuildPhase;
			buildActionMask = 2147483647;
			files = (
			);
			runOnlyForDeploymentPostprocessing = 0;
		};
		1168FC672ED87CB000E0B28A /* Sources */ = {
			isa = PBXSourcesBuildPhase;
			buildActionMask = 2147483647;
			files = (
			);
			runOnlyForDeploymentPostprocessing = 0;
		};
/* End PBXSourcesBuildPhase section */

/* Begin XCBuildConfiguration section */
		1168FC4F2ED87A5500E0B28A /* Debug */ = {
			isa = XCBuildConfiguration;
			buildSettings = {
				ALWAYS_SEARCH_USER_PATHS = NO;
				ASSETCATALOG_COMPILER_GENERATE_SWIFT_ASSET_SYMBOL_EXTENSIONS = YES;
				CLANG_ANALYZER_NONNULL = YES;
				CLANG_ANALYZER_NUMBER_OBJECT_CONVERSION = YES_AGGRESSIVE;
				CLANG_CXX_LANGUAGE_STANDARD = "gnu++20";
				CLANG_ENABLE_MODULES = YES;
				CLANG_ENABLE_OBJC_ARC = YES;
				CLANG_ENABLE_OBJC_WEAK = YES;
				CLANG_WARN_BLOCK_CAPTURE_AUTORELEASING = YES;
				CLANG_WARN_BOOL_CONVERSION = YES;
				CLANG_WARN_COMMA = YES;
				CLANG_WARN_CONSTANT_CONVERSION = YES;
				CLANG_WARN_DEPRECATED_OBJC_IMPLEMENTATIONS = YES;
				CLANG_WARN_DIRECT_OBJC_ISA_USAGE = YES_ERROR;
				CLANG_WARN_DOCUMENTATION_COMMENTS = YES;
				CLANG_WARN_EMPTY_BODY = YES;
				CLANG_WARN_ENUM_CONVERSION = YES;
				CLANG_WARN_INFINITE_RECURSION = YES;
				CLANG_WARN_INT_CONVERSION = YES;
				CLANG_WARN_NON_LITERAL_NULL_CONVERSION = YES;
				CLANG_WARN_OBJC_IMPLICIT_RETAIN_SELF = YES;
				CLANG_WARN_OBJC_LITERAL_CONVERSION = YES;
				CLANG_WARN_OBJC_ROOT_CLASS = YES_ERROR;
				CLANG_WARN_QUOTED_INCLUDE_IN_FRAMEWORK_HEADER = YES;
				CLANG_WARN_RANGE_LOOP_ANALYSIS = YES;
				CLANG_WARN_STRICT_PROTOTYPES = YES;
				CLANG_WARN_SUSPICIOUS_MOVE = YES;
				CLANG_WARN_UNGUARDED_AVAILABILITY = YES_AGGRESSIVE;
				CLANG_WARN_UNREACHABLE_CODE = YES;
				CLANG_WARN__DUPLICATE_METHOD_MATCH = YES;
				COPY_PHASE_STRIP = NO;
				DEBUG_INFORMATION_FORMAT = dwarf;
				DEVELOPMENT_TEAM = 6KKS6W5LF2;
				ENABLE_STRICT_OBJC_MSGSEND = YES;
				ENABLE_TESTABILITY = YES;
				ENABLE_USER_SCRIPT_SANDBOXING = YES;
				GCC_C_LANGUAGE_STANDARD = gnu17;
				GCC_DYNAMIC_NO_PIC = NO;
				GCC_NO_COMMON_BLOCKS = YES;
				GCC_OPTIMIZATION_LEVEL = 0;
				GCC_PREPROCESSOR_DEFINITIONS = (
					"DEBUG=1",
					"$(inherited)",
				);
				GCC_WARN_64_TO_32_BIT_CONVERSION = YES;
				GCC_WARN_ABOUT_RETURN_TYPE = YES_ERROR;
				GCC_WARN_UNDECLARED_SELECTOR = YES;
				GCC_WARN_UNINITIALIZED_AUTOS = YES_AGGRESSIVE;
				GCC_WARN_UNUSED_FUNCTION = YES;
				GCC_WARN_UNUSED_VARIABLE = YES;
				LOCALIZATION_PREFERS_STRING_CATALOGS = YES;
				MTL_ENABLE_DEBUG_INFO = INCLUDE_SOURCE;
				MTL_FAST_MATH = YES;
				ONLY_ACTIVE_ARCH = YES;
				SDKROOT = appletvos;
				SWIFT_ACTIVE_COMPILATION_CONDITIONS = "DEBUG $(inherited)";
				SWIFT_OPTIMIZATION_LEVEL = "-Onone";
				TVOS_DEPLOYMENT_TARGET = 26.0;
			};
			name = Debug;
		};
		1168FC502ED87A5500E0B28A /* Release */ = {
			isa = XCBuildConfiguration;
			buildSettings = {
				ALWAYS_SEARCH_USER_PATHS = NO;
				ASSETCATALOG_COMPILER_GENERATE_SWIFT_ASSET_SYMBOL_EXTENSIONS = YES;
				CLANG_ANALYZER_NONNULL = YES;
				CLANG_ANALYZER_NUMBER_OBJECT_CONVERSION = YES_AGGRESSIVE;
				CLANG_CXX_LANGUAGE_STANDARD = "gnu++20";
				CLANG_ENABLE_MODULES = YES;
				CLANG_ENABLE_OBJC_ARC = YES;
				CLANG_ENABLE_OBJC_WEAK = YES;
				CLANG_WARN_BLOCK_CAPTURE_AUTORELEASING = YES;
				CLANG_WARN_BOOL_CONVERSION = YES;
				CLANG_WARN_COMMA = YES;
				CLANG_WARN_CONSTANT_CONVERSION = YES;
				CLANG_WARN_DEPRECATED_OBJC_IMPLEMENTATIONS = YES;
				CLANG_WARN_DIRECT_OBJC_ISA_USAGE = YES_ERROR;
				CLANG_WARN_DOCUMENTATION_COMMENTS = YES;
				CLANG_WARN_EMPTY_BODY = YES;
				CLANG_WARN_ENUM_CONVERSION = YES;
				CLANG_WARN_INFINITE_RECURSION = YES;
				CLANG_WARN_INT_CONVERSION = YES;
				CLANG_WARN_NON_LITERAL_NULL_CONVERSION = YES;
				CLANG_WARN_OBJC_IMPLICIT_RETAIN_SELF = YES;
				CLANG_WARN_OBJC_LITERAL_CONVERSION = YES;
				CLANG_WARN_OBJC_ROOT_CLASS = YES_ERROR;
				CLANG_WARN_QUOTED_INCLUDE_IN_FRAMEWORK_HEADER = YES;
				CLANG_WARN_RANGE_LOOP_ANALYSIS = YES;
				CLANG_WARN_STRICT_PROTOTYPES = YES;
				CLANG_WARN_SUSPICIOUS_MOVE = YES;
				CLANG_WARN_UNGUARDED_AVAILABILITY = YES_AGGRESSIVE;
				CLANG_WARN_UNREACHABLE_CODE = YES;
				CLANG_WARN__DUPLICATE_METHOD_MATCH = YES;
				COPY_PHASE_STRIP = NO;
				DEBUG_INFORMATION_FORMAT = "dwarf-with-dsym";
				DEVELOPMENT_TEAM = 6KKS6W5LF2;
				ENABLE_NS_ASSERTIONS = NO;
				ENABLE_STRICT_OBJC_MSGSEND = YES;
				ENABLE_USER_SCRIPT_SANDBOXING = YES;
				GCC_C_LANGUAGE_STANDARD = gnu17;
				GCC_NO_COMMON_BLOCKS = YES;
				GCC_WARN_64_TO_32_BIT_CONVERSION = YES;
				GCC_WARN_ABOUT_RETURN_TYPE = YES_ERROR;
				GCC_WARN_UNDECLARED_SELECTOR = YES;
				GCC_WARN_UNINITIALIZED_AUTOS = YES_AGGRESSIVE;
				GCC_WARN_UNUSED_FUNCTION = YES;
				GCC_WARN_UNUSED_VARIABLE = YES;
				LOCALIZATION_PREFERS_STRING_CATALOGS = YES;
				MTL_ENABLE_DEBUG_INFO = NO;
				MTL_FAST_MATH = YES;
				SDKROOT = appletvos;
				SWIFT_COMPILATION_MODE = wholemodule;
				TVOS_DEPLOYMENT_TARGET = 26.0;
				VALIDATE_PRODUCT = YES;
			};
			name = Release;
		};
		1168FC522ED87A5500E0B28A /* Debug */ = {
			isa = XCBuildConfiguration;
			baseConfigurationReference = 15584E72634EE4E9DAB7ADA0 /* Pods-ITGSwiftUISampleFullIntegration.debug.xcconfig */;
			buildSettings = {
				ASSETCATALOG_COMPILER_APPICON_NAME = "App Icon & Top Shelf Image";
				ASSETCATALOG_COMPILER_GLOBAL_ACCENT_COLOR_NAME = AccentColor;
				CODE_SIGN_STYLE = Automatic;
				CURRENT_PROJECT_VERSION = 1;
				DEVELOPMENT_TEAM = 6KKS6W5LF2;
				ENABLE_PREVIEWS = YES;
				GENERATE_INFOPLIST_FILE = YES;
				INFOPLIST_KEY_UILaunchScreen_Generation = YES;
				INFOPLIST_KEY_UIUserInterfaceStyle = Automatic;
				LD_RUNPATH_SEARCH_PATHS = (
					"$(inherited)",
					"@executable_path/Frameworks",
				);
				MARKETING_VERSION = 1.0;
				PRODUCT_BUNDLE_IDENTIFIER = com.syncedapps.ITGSwiftUISampleFullIntegration;
				PRODUCT_NAME = "$(TARGET_NAME)";
				STRING_CATALOG_GENERATE_SYMBOLS = YES;
				SWIFT_APPROACHABLE_CONCURRENCY = YES;
				SWIFT_DEFAULT_ACTOR_ISOLATION = MainActor;
				SWIFT_EMIT_LOC_STRINGS = YES;
				SWIFT_UPCOMING_FEATURE_MEMBER_IMPORT_VISIBILITY = YES;
				SWIFT_VERSION = 5.0;
				TARGETED_DEVICE_FAMILY = 3;
			};
			name = Debug;
		};
		1168FC532ED87A5500E0B28A /* Release */ = {
			isa = XCBuildConfiguration;
			baseConfigurationReference = 8181044F947EC3D5A168D39F /* Pods-ITGSwiftUISampleFullIntegration.release.xcconfig */;
			buildSettings = {
				ASSETCATALOG_COMPILER_APPICON_NAME = "App Icon & Top Shelf Image";
				ASSETCATALOG_COMPILER_GLOBAL_ACCENT_COLOR_NAME = AccentColor;
				CODE_SIGN_STYLE = Automatic;
				CURRENT_PROJECT_VERSION = 1;
				DEVELOPMENT_TEAM = 6KKS6W5LF2;
				ENABLE_PREVIEWS = YES;
				GENERATE_INFOPLIST_FILE = YES;
				INFOPLIST_KEY_UILaunchScreen_Generation = YES;
				INFOPLIST_KEY_UIUserInterfaceStyle = Automatic;
				LD_RUNPATH_SEARCH_PATHS = (
					"$(inherited)",
					"@executable_path/Frameworks",
				);
				MARKETING_VERSION = 1.0;
				PRODUCT_BUNDLE_IDENTIFIER = com.syncedapps.ITGSwiftUISampleFullIntegration;
				PRODUCT_NAME = "$(TARGET_NAME)";
				STRING_CATALOG_GENERATE_SYMBOLS = YES;
				SWIFT_APPROACHABLE_CONCURRENCY = YES;
				SWIFT_DEFAULT_ACTOR_ISOLATION = MainActor;
				SWIFT_EMIT_LOC_STRINGS = YES;
				SWIFT_UPCOMING_FEATURE_MEMBER_IMPORT_VISIBILITY = YES;
				SWIFT_VERSION = 5.0;
				TARGETED_DEVICE_FAMILY = 3;
			};
			name = Release;
		};
		1168FC742ED87CB000E0B28A /* Debug */ = {
			isa = XCBuildConfiguration;
			baseConfigurationReference = 8043A24D9C357B71EC0E0990 /* Pods-ITGSwiftUISampleFullIntegrationiOS.debug.xcconfig */;
			buildSettings = {
				ASSETCATALOG_COMPILER_APPICON_NAME = AppIcon;
				ASSETCATALOG_COMPILER_GLOBAL_ACCENT_COLOR_NAME = AccentColor;
				CODE_SIGN_STYLE = Automatic;
				CURRENT_PROJECT_VERSION = 1;
				DEVELOPMENT_TEAM = 6KKS6W5LF2;
				ENABLE_PREVIEWS = YES;
				GENERATE_INFOPLIST_FILE = YES;
				INFOPLIST_KEY_UIApplicationSceneManifest_Generation = YES;
				INFOPLIST_KEY_UIApplicationSupportsIndirectInputEvents = YES;
				INFOPLIST_KEY_UILaunchScreen_Generation = YES;
				INFOPLIST_KEY_UISupportedInterfaceOrientations_iPad = "UIInterfaceOrientationPortrait UIInterfaceOrientationPortraitUpsideDown UIInterfaceOrientationLandscapeLeft UIInterfaceOrientationLandscapeRight";
				INFOPLIST_KEY_UISupportedInterfaceOrientations_iPhone = "UIInterfaceOrientationPortrait UIInterfaceOrientationLandscapeLeft UIInterfaceOrientationLandscapeRight";
				IPHONEOS_DEPLOYMENT_TARGET = 26.0;
				LD_RUNPATH_SEARCH_PATHS = (
					"$(inherited)",
					"@executable_path/Frameworks",
				);
				MARKETING_VERSION = 1.0;
				PRODUCT_BUNDLE_IDENTIFIER = com.syncedapps.ITGSwiftUISampleFullIntegrationiOS;
				PRODUCT_NAME = "$(TARGET_NAME)";
				SDKROOT = iphoneos;
				STRING_CATALOG_GENERATE_SYMBOLS = YES;
				SUPPORTED_PLATFORMS = "iphoneos iphonesimulator";
				SUPPORTS_MACCATALYST = NO;
				SUPPORTS_MAC_DESIGNED_FOR_IPHONE_IPAD = NO;
				SUPPORTS_XR_DESIGNED_FOR_IPHONE_IPAD = NO;
				SWIFT_APPROACHABLE_CONCURRENCY = YES;
				SWIFT_DEFAULT_ACTOR_ISOLATION = MainActor;
				SWIFT_EMIT_LOC_STRINGS = YES;
				SWIFT_UPCOMING_FEATURE_MEMBER_IMPORT_VISIBILITY = YES;
				SWIFT_VERSION = 5.0;
				TARGETED_DEVICE_FAMILY = "1,2";
			};
			name = Debug;
		};
		1168FC752ED87CB000E0B28A /* Release */ = {
			isa = XCBuildConfiguration;
			baseConfigurationReference = A800FEC30DBCAAFAE0C4C731 /* Pods-ITGSwiftUISampleFullIntegrationiOS.release.xcconfig */;
			buildSettings = {
				ASSETCATALOG_COMPILER_APPICON_NAME = AppIcon;
				ASSETCATALOG_COMPILER_GLOBAL_ACCENT_COLOR_NAME = AccentColor;
				CODE_SIGN_STYLE = Automatic;
				CURRENT_PROJECT_VERSION = 1;
				DEVELOPMENT_TEAM = 6KKS6W5LF2;
				ENABLE_PREVIEWS = YES;
				GENERATE_INFOPLIST_FILE = YES;
				INFOPLIST_KEY_UIApplicationSceneManifest_Generation = YES;
				INFOPLIST_KEY_UIApplicationSupportsIndirectInputEvents = YES;
				INFOPLIST_KEY_UILaunchScreen_Generation = YES;
				INFOPLIST_KEY_UISupportedInterfaceOrientations_iPad = "UIInterfaceOrientationPortrait UIInterfaceOrientationPortraitUpsideDown UIInterfaceOrientationLandscapeLeft UIInterfaceOrientationLandscapeRight";
				INFOPLIST_KEY_UISupportedInterfaceOrientations_iPhone = "UIInterfaceOrientationPortrait UIInterfaceOrientationLandscapeLeft UIInterfaceOrientationLandscapeRight";
				IPHONEOS_DEPLOYMENT_TARGET = 26.0;
				LD_RUNPATH_SEARCH_PATHS = (
					"$(inherited)",
					"@executable_path/Frameworks",
				);
				MARKETING_VERSION = 1.0;
				PRODUCT_BUNDLE_IDENTIFIER = com.syncedapps.ITGSwiftUISampleFullIntegrationiOS;
				PRODUCT_NAME = "$(TARGET_NAME)";
				SDKROOT = iphoneos;
				STRING_CATALOG_GENERATE_SYMBOLS = YES;
				SUPPORTED_PLATFORMS = "iphoneos iphonesimulator";
				SUPPORTS_MACCATALYST = NO;
				SUPPORTS_MAC_DESIGNED_FOR_IPHONE_IPAD = NO;
				SUPPORTS_XR_DESIGNED_FOR_IPHONE_IPAD = NO;
				SWIFT_APPROACHABLE_CONCURRENCY = YES;
				SWIFT_DEFAULT_ACTOR_ISOLATION = MainActor;
				SWIFT_EMIT_LOC_STRINGS = YES;
				SWIFT_UPCOMING_FEATURE_MEMBER_IMPORT_VISIBILITY = YES;
				SWIFT_VERSION = 5.0;
				TARGETED_DEVICE_FAMILY = "1,2";
			};
			name = Release;
		};
/* End XCBuildConfiguration section */

/* Begin XCConfigurationList section */
		1168FC412ED87A5400E0B28A /* Build configuration list for PBXProject "ITGSwiftUISampleFullIntegration" */ = {
			isa = XCConfigurationList;
			buildConfigurations = (
				1168FC4F2ED87A5500E0B28A /* Debug */,
				1168FC502ED87A5500E0B28A /* Release */,
			);
			defaultConfigurationIsVisible = 0;
			defaultConfigurationName = Release;
		};
		1168FC512ED87A5500E0B28A /* Build configuration list for PBXNativeTarget "ITGSwiftUISampleFullIntegration" */ = {
			isa = XCConfigurationList;
			buildConfigurations = (
				1168FC522ED87A5500E0B28A /* Debug */,
				1168FC532ED87A5500E0B28A /* Release */,
			);
			defaultConfigurationIsVisible = 0;
			defaultConfigurationName = Release;
		};
		1168FC732ED87CB000E0B28A /* Build configuration list for PBXNativeTarget "ITGSwiftUISampleFullIntegrationiOS" */ = {
			isa = XCConfigurationList;
			buildConfigurations = (
				1168FC742ED87CB000E0B28A /* Debug */,
				1168FC752ED87CB000E0B28A /* Release */,
			);
			defaultConfigurationIsVisible = 0;
			defaultConfigurationName = Release;
		};
/* End XCConfigurationList section */
	};
	rootObject = 1168FC3E2ED87A5400E0B28A /* Project object */;
}
