{
  "originHash" : "e72764db5942d8089472414a1a327e3df32df65626992ba8f1a2bbe9598fc495",
  "pins" : [
    {
      "identity" : "itg-apple-sdk",
      "kind" : "remoteSourceControl",
      "location" : "https://github.com/Inthegamesdk/itg-apple-sdk",
      "state" : {
        "revision" : "bdb8175f246360c5ba532673473ecff750b2843d",
        "version" : "2.6.33"
      }
    }
  ],
  "version" : 3
}
