{
  "originHash" : "e72764db5942d8089472414a1a327e3df32df65626992ba8f1a2bbe9598fc495",
  "pins" : [
    {
      "identity" : "itg-apple-sdk",
      "kind" : "remoteSourceControl",
      "location" : "https://github.com/Inthegamesdk/itg-apple-sdk",
      "state" : {
        "revision" : "9c381cbc72d9e5d5e02be07cd1e8e9cc29ffdf99",
        "version" : "2.7.3"
      }
    }
  ],
  "version" : 3
}
