{
  "originHash" : "e72764db5942d8089472414a1a327e3df32df65626992ba8f1a2bbe9598fc495",
  "pins" : [
    {
      "identity" : "itg-apple-sdk",
      "kind" : "remoteSourceControl",
      "location" : "https://github.com/Inthegamesdk/itg-apple-sdk",
      "state" : {
        "revision" : "165c7a2b21686a9e5f067722ca40503fadf45a0c",
        "version" : "2.7.4"
      }
    }
  ],
  "version" : 3
}
